PODS:
  - Kingfisher (5.15.8):
    - Kingfisher/Core (= 5.15.8)
  - Kingfisher/Core (5.15.8)

DEPENDENCIES:
  - Kingfisher (~> 5.0)

SPEC REPOS:
  trunk:
    - Kingfisher

SPEC CHECKSUMS:
  Kingfisher: a3c03d702433fa6cfedabb2bddbe076fb8f2e902

PODFILE CHECKSUM: d55a4729607e11e581e1cb0eba5d52dca3301468

COCOAPODS: 1.8.4
